// !$*UTF8*$!
{
	archiveVersion = 1;
	classes = {
	};
	objectVersion = 50;
	objects = {

/* Begin PBXBuildFile section */
		6A331109223E49AF007BB7E0 /* AppDelegate.swift in Sources */ = {isa = PBXBuildFile; fileRef = 6A331108223E49AF007BB7E0 /* AppDelegate.swift */; };
		6A33110B223E49AF007BB7E0 /* MenuViewController.swift in Sources */ = {isa = PBXBuildFile; fileRef = 6A33110A223E49AF007BB7E0 /* MenuViewController.swift */; };
		6A33110D223E49AF007BB7E0 /* CartViewController.swift in Sources */ = {isa = PBXBuildFile; fileRef = 6A33110C223E49AF007BB7E0 /* CartViewController.swift */; };
		6A331110223E49AF007BB7E0 /* Main.storyboard in Resources */ = {isa = PBXBuildFile; fileRef = 6A33110E223E49AF007BB7E0 /* Main.storyboard */; };
		6A331112223E49B0007BB7E0 /* Assets.xcassets in Resources */ = {isa = PBXBuildFile; fileRef = 6A331111223E49B0007BB7E0 /* Assets.xcassets */; };
		6A331115223E49B0007BB7E0 /* LaunchScreen.storyboard in Resources */ = {isa = PBXBuildFile; fileRef = 6A331113223E49B0007BB7E0 /* LaunchScreen.storyboard */; };
		6A33111E223E5120007BB7E0 /* Dish.swift in Sources */ = {isa = PBXBuildFile; fileRef = 6A33111D223E5120007BB7E0 /* Dish.swift */; };
		6A331121223E577C007BB7E0 /* Caffe.swift in Sources */ = {isa = PBXBuildFile; fileRef = 6A331120223E577C007BB7E0 /* Caffe.swift */; };
		6A331134223E631D007BB7E0 /* MenuService.swift in Sources */ = {isa = PBXBuildFile; fileRef = 6A331133223E631D007BB7E0 /* MenuService.swift */; };
		6A331139223E6C9E007BB7E0 /* Caffe-01.json in Resources */ = {isa = PBXBuildFile; fileRef = 6A331138223E6C9E007BB7E0 /* Caffe-01.json */; };
		6A33113B223E6F45007BB7E0 /* String+Path.swift in Sources */ = {isa = PBXBuildFile; fileRef = 6A33113A223E6F45007BB7E0 /* String+Path.swift */; };
		6A33113E223E7A84007BB7E0 /* Date+Day.swift in Sources */ = {isa = PBXBuildFile; fileRef = 6A33113D223E7A84007BB7E0 /* Date+Day.swift */; };
		6A331140223E85D2007BB7E0 /* AppManager.swift in Sources */ = {isa = PBXBuildFile; fileRef = 6A33113F223E85D2007BB7E0 /* AppManager.swift */; };
		6A331142223E8F7A007BB7E0 /* DishCell.swift in Sources */ = {isa = PBXBuildFile; fileRef = 6A331141223E8F7A007BB7E0 /* DishCell.swift */; };
		6A331145223EA6ED007BB7E0 /* UIImage+Color.swift in Sources */ = {isa = PBXBuildFile; fileRef = 6A331144223EA6ED007BB7E0 /* UIImage+Color.swift */; };
		6A331147223EA72D007BB7E0 /* UIColor+Hex.swift in Sources */ = {isa = PBXBuildFile; fileRef = 6A331146223EA72D007BB7E0 /* UIColor+Hex.swift */; };
		6A331149223EB0E3007BB7E0 /* MenuHeader.swift in Sources */ = {isa = PBXBuildFile; fileRef = 6A331148223EB0E3007BB7E0 /* MenuHeader.swift */; };
		6A33114B223ED1C6007BB7E0 /* CoolButton.swift in Sources */ = {isa = PBXBuildFile; fileRef = 6A33114A223ED1C6007BB7E0 /* CoolButton.swift */; };
		6A33114F223EE12C007BB7E0 /* CartView.swift in Sources */ = {isa = PBXBuildFile; fileRef = 6A33114D223EE12C007BB7E0 /* CartView.swift */; };
		6A331150223EE12C007BB7E0 /* CartView.xib in Resources */ = {isa = PBXBuildFile; fileRef = 6A33114E223EE12C007BB7E0 /* CartView.xib */; };
/* End PBXBuildFile section */

/* Begin PBXFileReference section */
		6A331105223E49AF007BB7E0 /* BMSTUCaffe.app */ = {isa = PBXFileReference; explicitFileType = wrapper.application; includeInIndex = 0; path = BMSTUCaffe.app; sourceTree = BUILT_PRODUCTS_DIR; };
		6A331108223E49AF007BB7E0 /* AppDelegate.swift */ = {isa = PBXFileReference; lastKnownFileType = sourcecode.swift; path = AppDelegate.swift; sourceTree = "<group>"; };
		6A33110A223E49AF007BB7E0 /* MenuViewController.swift */ = {isa = PBXFileReference; lastKnownFileType = sourcecode.swift; path = MenuViewController.swift; sourceTree = "<group>"; };
		6A33110C223E49AF007BB7E0 /* CartViewController.swift */ = {isa = PBXFileReference; lastKnownFileType = sourcecode.swift; path = CartViewController.swift; sourceTree = "<group>"; };
		6A33110F223E49AF007BB7E0 /* Base */ = {isa = PBXFileReference; lastKnownFileType = file.storyboard; name = Base; path = Base.lproj/Main.storyboard; sourceTree = "<group>"; };
		6A331111223E49B0007BB7E0 /* Assets.xcassets */ = {isa = PBXFileReference; lastKnownFileType = folder.assetcatalog; path = Assets.xcassets; sourceTree = "<group>"; };
		6A331114223E49B0007BB7E0 /* Base */ = {isa = PBXFileReference; lastKnownFileType = file.storyboard; name = Base; path = Base.lproj/LaunchScreen.storyboard; sourceTree = "<group>"; };
		6A331116223E49B0007BB7E0 /* Info.plist */ = {isa = PBXFileReference; lastKnownFileType = text.plist.xml; path = Info.plist; sourceTree = "<group>"; };
		6A33111D223E5120007BB7E0 /* Dish.swift */ = {isa = PBXFileReference; lastKnownFileType = sourcecode.swift; path = Dish.swift; sourceTree = "<group>"; };
		6A331120223E577C007BB7E0 /* Caffe.swift */ = {isa = PBXFileReference; lastKnownFileType = sourcecode.swift; path = Caffe.swift; sourceTree = "<group>"; };
		6A331133223E631D007BB7E0 /* MenuService.swift */ = {isa = PBXFileReference; lastKnownFileType = sourcecode.swift; path = MenuService.swift; sourceTree = "<group>"; };
		6A331138223E6C9E007BB7E0 /* Caffe-01.json */ = {isa = PBXFileReference; fileEncoding = 4; lastKnownFileType = text.json; path = "Caffe-01.json"; sourceTree = "<group>"; };
		6A33113A223E6F45007BB7E0 /* String+Path.swift */ = {isa = PBXFileReference; lastKnownFileType = sourcecode.swift; path = "String+Path.swift"; sourceTree = "<group>"; };
		6A33113D223E7A84007BB7E0 /* Date+Day.swift */ = {isa = PBXFileReference; lastKnownFileType = sourcecode.swift; path = "Date+Day.swift"; sourceTree = "<group>"; };
		6A33113F223E85D2007BB7E0 /* AppManager.swift */ = {isa = PBXFileReference; lastKnownFileType = sourcecode.swift; path = AppManager.swift; sourceTree = "<group>"; };
		6A331141223E8F7A007BB7E0 /* DishCell.swift */ = {isa = PBXFileReference; lastKnownFileType = sourcecode.swift; path = DishCell.swift; sourceTree = "<group>"; };
		6A331144223EA6ED007BB7E0 /* UIImage+Color.swift */ = {isa = PBXFileReference; lastKnownFileType = sourcecode.swift; path = "UIImage+Color.swift"; sourceTree = "<group>"; };
		6A331146223EA72D007BB7E0 /* UIColor+Hex.swift */ = {isa = PBXFileReference; lastKnownFileType = sourcecode.swift; path = "UIColor+Hex.swift"; sourceTree = "<group>"; };
		6A331148223EB0E3007BB7E0 /* MenuHeader.swift */ = {isa = PBXFileReference; lastKnownFileType = sourcecode.swift; path = MenuHeader.swift; sourceTree = "<group>"; };
		6A33114A223ED1C6007BB7E0 /* CoolButton.swift */ = {isa = PBXFileReference; lastKnownFileType = sourcecode.swift; path = CoolButton.swift; sourceTree = "<group>"; };
		6A33114D223EE12C007BB7E0 /* CartView.swift */ = {isa = PBXFileReference; lastKnownFileType = sourcecode.swift; path = CartView.swift; sourceTree = "<group>"; };
		6A33114E223EE12C007BB7E0 /* CartView.xib */ = {isa = PBXFileReference; lastKnownFileType = file.xib; path = CartView.xib; sourceTree = "<group>"; };
/* End PBXFileReference section */

/* Begin PBXFrameworksBuildPhase section */
		6A331102223E49AF007BB7E0 /* Frameworks */ = {
			isa = PBXFrameworksBuildPhase;
			buildActionMask = 2147483647;
			files = (
			);
			runOnlyForDeploymentPostprocessing = 0;
		};
/* End PBXFrameworksBuildPhase section */

/* Begin PBXGroup section */
		6A3310FC223E49AF007BB7E0 = {
			isa = PBXGroup;
			children = (
				6A331107223E49AF007BB7E0 /* BMSTUCaffe */,
				6A331106223E49AF007BB7E0 /* Products */,
			);
			sourceTree = "<group>";
		};
		6A331106223E49AF007BB7E0 /* Products */ = {
			isa = PBXGroup;
			children = (
				6A331105223E49AF007BB7E0 /* BMSTUCaffe.app */,
			);
			name = Products;
			sourceTree = "<group>";
		};
		6A331107223E49AF007BB7E0 /* BMSTUCaffe */ = {
			isa = PBXGroup;
			children = (
				6A331108223E49AF007BB7E0 /* AppDelegate.swift */,
				6A33113F223E85D2007BB7E0 /* AppManager.swift */,
				6A33111F223E5760007BB7E0 /* Models */,
				6A33111C223E4BF9007BB7E0 /* Controllers */,
				6A331143223E8F82007BB7E0 /* Views */,
				6A331135223E6321007BB7E0 /* Services */,
				6A331136223E6350007BB7E0 /* Resources */,
				6A33113C223E6FC7007BB7E0 /* Extensions */,
				6A33110E223E49AF007BB7E0 /* Main.storyboard */,
				6A331113223E49B0007BB7E0 /* LaunchScreen.storyboard */,
				6A331116223E49B0007BB7E0 /* Info.plist */,
			);
			path = BMSTUCaffe;
			sourceTree = "<group>";
		};
		6A33111C223E4BF9007BB7E0 /* Controllers */ = {
			isa = PBXGroup;
			children = (
				6A33110A223E49AF007BB7E0 /* MenuViewController.swift */,
				6A33110C223E49AF007BB7E0 /* CartViewController.swift */,
			);
			path = Controllers;
			sourceTree = "<group>";
		};
		6A33111F223E5760007BB7E0 /* Models */ = {
			isa = PBXGroup;
			children = (
				6A33111D223E5120007BB7E0 /* Dish.swift */,
				6A331120223E577C007BB7E0 /* Caffe.swift */,
			);
			path = Models;
			sourceTree = "<group>";
		};
		6A331135223E6321007BB7E0 /* Services */ = {
			isa = PBXGroup;
			children = (
				6A331133223E631D007BB7E0 /* MenuService.swift */,
			);
			path = Services;
			sourceTree = "<group>";
		};
		6A331136223E6350007BB7E0 /* Resources */ = {
			isa = PBXGroup;
			children = (
				6A331111223E49B0007BB7E0 /* Assets.xcassets */,
				6A331137223E6C8A007BB7E0 /* Caffes */,
			);
			path = Resources;
			sourceTree = "<group>";
		};
		6A331137223E6C8A007BB7E0 /* Caffes */ = {
			isa = PBXGroup;
			children = (
				6A331138223E6C9E007BB7E0 /* Caffe-01.json */,
			);
			path = Caffes;
			sourceTree = "<group>";
		};
		6A33113C223E6FC7007BB7E0 /* Extensions */ = {
			isa = PBXGroup;
			children = (
				6A33113A223E6F45007BB7E0 /* String+Path.swift */,
				6A33113D223E7A84007BB7E0 /* Date+Day.swift */,
				6A331144223EA6ED007BB7E0 /* UIImage+Color.swift */,
				6A331146223EA72D007BB7E0 /* UIColor+Hex.swift */,
			);
			path = Extensions;
			sourceTree = "<group>";
		};
		6A331143223E8F82007BB7E0 /* Views */ = {
			isa = PBXGroup;
			children = (
				6A33114C223EE097007BB7E0 /* Table */,
				6A331153223EF7D0007BB7E0 /* Buttons */,
				6A331151223EF768007BB7E0 /* Cart */,
			);
			path = Views;
			sourceTree = "<group>";
		};
		6A33114C223EE097007BB7E0 /* Table */ = {
			isa = PBXGroup;
			children = (
				6A331148223EB0E3007BB7E0 /* MenuHeader.swift */,
				6A331141223E8F7A007BB7E0 /* DishCell.swift */,
			);
			path = Table;
			sourceTree = "<group>";
		};
		6A331151223EF768007BB7E0 /* Cart */ = {
			isa = PBXGroup;
			children = (
				6A33114D223EE12C007BB7E0 /* CartView.swift */,
				6A33114E223EE12C007BB7E0 /* CartView.xib */,
			);
			path = Cart;
			sourceTree = "<group>";
		};
		6A331153223EF7D0007BB7E0 /* Buttons */ = {
			isa = PBXGroup;
			children = (
				6A33114A223ED1C6007BB7E0 /* CoolButton.swift */,
			);
			path = Buttons;
			sourceTree = "<group>";
		};
/* End PBXGroup section */

/* Begin PBXNativeTarget section */
		6A331104223E49AF007BB7E0 /* BMSTUCaffe */ = {
			isa = PBXNativeTarget;
			buildConfigurationList = 6A331119223E49B0007BB7E0 /* Build configuration list for PBXNativeTarget "BMSTUCaffe" */;
			buildPhases = (
				6A331101223E49AF007BB7E0 /* Sources */,
				6A331102223E49AF007BB7E0 /* Frameworks */,
				6A331103223E49AF007BB7E0 /* Resources */,
			);
			buildRules = (
			);
			dependencies = (
			);
			name = BMSTUCaffe;
			productName = BMSTUCaffe;
			productReference = 6A331105223E49AF007BB7E0 /* BMSTUCaffe.app */;
			productType = "com.apple.product-type.application";
		};
/* End PBXNativeTarget section */

/* Begin PBXProject section */
		6A3310FD223E49AF007BB7E0 /* Project object */ = {
			isa = PBXProject;
			attributes = {
				LastSwiftUpdateCheck = 1020;
				LastUpgradeCheck = 1020;
				ORGANIZATIONNAME = bestK1ng;
				TargetAttributes = {
					6A331104223E49AF007BB7E0 = {
						CreatedOnToolsVersion = 10.2;
					};
				};
			};
			buildConfigurationList = 6A331100223E49AF007BB7E0 /* Build configuration list for PBXProject "BMSTUCaffe" */;
			compatibilityVersion = "Xcode 9.3";
			developmentRegion = en;
			hasScannedForEncodings = 0;
			knownRegions = (
				en,
				Base,
			);
			mainGroup = 6A3310FC223E49AF007BB7E0;
			productRefGroup = 6A331106223E49AF007BB7E0 /* Products */;
			projectDirPath = "";
			projectRoot = "";
			targets = (
				6A331104223E49AF007BB7E0 /* BMSTUCaffe */,
			);
		};
/* End PBXProject section */

/* Begin PBXResourcesBuildPhase section */
		6A331103223E49AF007BB7E0 /* Resources */ = {
			isa = PBXResourcesBuildPhase;
			buildActionMask = 2147483647;
			files = (
				6A331139223E6C9E007BB7E0 /* Caffe-01.json in Resources */,
				6A331150223EE12C007BB7E0 /* CartView.xib in Resources */,
				6A331115223E49B0007BB7E0 /* LaunchScreen.storyboard in Resources */,
				6A331112223E49B0007BB7E0 /* Assets.xcassets in Resources */,
				6A331110223E49AF007BB7E0 /* Main.storyboard in Resources */,
			);
			runOnlyForDeploymentPostprocessing = 0;
		};
/* End PBXResourcesBuildPhase section */

/* Begin PBXSourcesBuildPhase section */
		6A331101223E49AF007BB7E0 /* Sources */ = {
			isa = PBXSourcesBuildPhase;
			buildActionMask = 2147483647;
			files = (
				6A33114F223EE12C007BB7E0 /* CartView.swift in Sources */,
				6A33113E223E7A84007BB7E0 /* Date+Day.swift in Sources */,
				6A33110D223E49AF007BB7E0 /* CartViewController.swift in Sources */,
				6A33111E223E5120007BB7E0 /* Dish.swift in Sources */,
				6A331134223E631D007BB7E0 /* MenuService.swift in Sources */,
				6A331109223E49AF007BB7E0 /* AppDelegate.swift in Sources */,
				6A331149223EB0E3007BB7E0 /* MenuHeader.swift in Sources */,
				6A33113B223E6F45007BB7E0 /* String+Path.swift in Sources */,
				6A331140223E85D2007BB7E0 /* AppManager.swift in Sources */,
				6A33114B223ED1C6007BB7E0 /* CoolButton.swift in Sources */,
				6A331145223EA6ED007BB7E0 /* UIImage+Color.swift in Sources */,
				6A331142223E8F7A007BB7E0 /* DishCell.swift in Sources */,
				6A331147223EA72D007BB7E0 /* UIColor+Hex.swift in Sources */,
				6A331121223E577C007BB7E0 /* Caffe.swift in Sources */,
				6A33110B223E49AF007BB7E0 /* MenuViewController.swift in Sources */,
			);
			runOnlyForDeploymentPostprocessing = 0;
		};
/* End PBXSourcesBuildPhase section */

/* Begin PBXVariantGroup section */
		6A33110E223E49AF007BB7E0 /* Main.storyboard */ = {
			isa = PBXVariantGroup;
			children = (
				6A33110F223E49AF007BB7E0 /* Base */,
			);
			name = Main.storyboard;
			sourceTree = "<group>";
		};
		6A331113223E49B0007BB7E0 /* LaunchScreen.storyboard */ = {
			isa = PBXVariantGroup;
			children = (
				6A331114223E49B0007BB7E0 /* Base */,
			);
			name = LaunchScreen.storyboard;
			sourceTree = "<group>";
		};
/* End PBXVariantGroup section */

/* Begin XCBuildConfiguration section */
		6A331117223E49B0007BB7E0 /* Debug */ = {
			isa = XCBuildConfiguration;
			buildSettings = {
				ALWAYS_SEARCH_USER_PATHS = NO;
				CLANG_ANALYZER_NONNULL = YES;
				CLANG_ANALYZER_NUMBER_OBJECT_CONVERSION = YES_AGGRESSIVE;
				CLANG_CXX_LANGUAGE_STANDARD = "gnu++14";
				CLANG_CXX_LIBRARY = "libc++";
				CLANG_ENABLE_MODULES = YES;
				CLANG_ENABLE_OBJC_ARC = YES;
				CLANG_ENABLE_OBJC_WEAK = YES;
				CLANG_WARN_BLOCK_CAPTURE_AUTORELEASING = YES;
				CLANG_WARN_BOOL_CONVERSION = YES;
				CLANG_WARN_COMMA = YES;
				CLANG_WARN_CONSTANT_CONVERSION = YES;
				CLANG_WARN_DEPRECATED_OBJC_IMPLEMENTATIONS = YES;
				CLANG_WARN_DIRECT_OBJC_ISA_USAGE = YES_ERROR;
				CLANG_WARN_DOCUMENTATION_COMMENTS = YES;
				CLANG_WARN_EMPTY_BODY = YES;
				CLANG_WARN_ENUM_CONVERSION = YES;
				CLANG_WARN_INFINITE_RECURSION = YES;
				CLANG_WARN_INT_CONVERSION = YES;
				CLANG_WARN_NON_LITERAL_NULL_CONVERSION = YES;
				CLANG_WARN_OBJC_IMPLICIT_RETAIN_SELF = YES;
				CLANG_WARN_OBJC_LITERAL_CONVERSION = YES;
				CLANG_WARN_OBJC_ROOT_CLASS = YES_ERROR;
				CLANG_WARN_RANGE_LOOP_ANALYSIS = YES;
				CLANG_WARN_STRICT_PROTOTYPES = YES;
				CLANG_WARN_SUSPICIOUS_MOVE = YES;
				CLANG_WARN_UNGUARDED_AVAILABILITY = YES_AGGRESSIVE;
				CLANG_WARN_UNREACHABLE_CODE = YES;
				CLANG_WARN__DUPLICATE_METHOD_MATCH = YES;
				CODE_SIGN_IDENTITY = "iPhone Developer";
				COPY_PHASE_STRIP = NO;
				DEBUG_INFORMATION_FORMAT = dwarf;
				ENABLE_STRICT_OBJC_MSGSEND = YES;
				ENABLE_TESTABILITY = YES;
				GCC_C_LANGUAGE_STANDARD = gnu11;
				GCC_DYNAMIC_NO_PIC = NO;
				GCC_NO_COMMON_BLOCKS = YES;
				GCC_OPTIMIZATION_LEVEL = 0;
				GCC_PREPROCESSOR_DEFINITIONS = (
					"DEBUG=1",
					"$(inherited)",
				);
				GCC_WARN_64_TO_32_BIT_CONVERSION = YES;
				GCC_WARN_ABOUT_RETURN_TYPE = YES_ERROR;
				GCC_WARN_UNDECLARED_SELECTOR = YES;
				GCC_WARN_UNINITIALIZED_AUTOS = YES_AGGRESSIVE;
				GCC_WARN_UNUSED_FUNCTION = YES;
				GCC_WARN_UNUSED_VARIABLE = YES;
				IPHONEOS_DEPLOYMENT_TARGET = 12.2;
				MTL_ENABLE_DEBUG_INFO = INCLUDE_SOURCE;
				MTL_FAST_MATH = YES;
				ONLY_ACTIVE_ARCH = YES;
				SDKROOT = iphoneos;
				SWIFT_ACTIVE_COMPILATION_CONDITIONS = DEBUG;
				SWIFT_OPTIMIZATION_LEVEL = "-Onone";
			};
			name = Debug;
		};
		6A331118223E49B0007BB7E0 /* Release */ = {
			isa = XCBuildConfiguration;
			buildSettings = {
				ALWAYS_SEARCH_USER_PATHS = NO;
				CLANG_ANALYZER_NONNULL = YES;
				CLANG_ANALYZER_NUMBER_OBJECT_CONVERSION = YES_AGGRESSIVE;
				CLANG_CXX_LANGUAGE_STANDARD = "gnu++14";
				CLANG_CXX_LIBRARY = "libc++";
				CLANG_ENABLE_MODULES = YES;
				CLANG_ENABLE_OBJC_ARC = YES;
				CLANG_ENABLE_OBJC_WEAK = YES;
				CLANG_WARN_BLOCK_CAPTURE_AUTORELEASING = YES;
				CLANG_WARN_BOOL_CONVERSION = YES;
				CLANG_WARN_COMMA = YES;
				CLANG_WARN_CONSTANT_CONVERSION = YES;
				CLANG_WARN_DEPRECATED_OBJC_IMPLEMENTATIONS = YES;
				CLANG_WARN_DIRECT_OBJC_ISA_USAGE = YES_ERROR;
				CLANG_WARN_DOCUMENTATION_COMMENTS = YES;
				CLANG_WARN_EMPTY_BODY = YES;
				CLANG_WARN_ENUM_CONVERSION = YES;
				CLANG_WARN_INFINITE_RECURSION = YES;
				CLANG_WARN_INT_CONVERSION = YES;
				CLANG_WARN_NON_LITERAL_NULL_CONVERSION = YES;
				CLANG_WARN_OBJC_IMPLICIT_RETAIN_SELF = YES;
				CLANG_WARN_OBJC_LITERAL_CONVERSION = YES;
				CLANG_WARN_OBJC_ROOT_CLASS = YES_ERROR;
				CLANG_WARN_RANGE_LOOP_ANALYSIS = YES;
				CLANG_WARN_STRICT_PROTOTYPES = YES;
				CLANG_WARN_SUSPICIOUS_MOVE = YES;
				CLANG_WARN_UNGUARDED_AVAILABILITY = YES_AGGRESSIVE;
				CLANG_WARN_UNREACHABLE_CODE = YES;
				CLANG_WARN__DUPLICATE_METHOD_MATCH = YES;
				CODE_SIGN_IDENTITY = "iPhone Developer";
				COPY_PHASE_STRIP = NO;
				DEBUG_INFORMATION_FORMAT = "dwarf-with-dsym";
				ENABLE_NS_ASSERTIONS = NO;
				ENABLE_STRICT_OBJC_MSGSEND = YES;
				GCC_C_LANGUAGE_STANDARD = gnu11;
				GCC_NO_COMMON_BLOCKS = YES;
				GCC_WARN_64_TO_32_BIT_CONVERSION = YES;
				GCC_WARN_ABOUT_RETURN_TYPE = YES_ERROR;
				GCC_WARN_UNDECLARED_SELECTOR = YES;
				GCC_WARN_UNINITIALIZED_AUTOS = YES_AGGRESSIVE;
				GCC_WARN_UNUSED_FUNCTION = YES;
				GCC_WARN_UNUSED_VARIABLE = YES;
				IPHONEOS_DEPLOYMENT_TARGET = 12.2;
				MTL_ENABLE_DEBUG_INFO = NO;
				MTL_FAST_MATH = YES;
				SDKROOT = iphoneos;
				SWIFT_COMPILATION_MODE = wholemodule;
				SWIFT_OPTIMIZATION_LEVEL = "-O";
				VALIDATE_PRODUCT = YES;
			};
			name = Release;
		};
		6A33111A223E49B0007BB7E0 /* Debug */ = {
			isa = XCBuildConfiguration;
			buildSettings = {
				ASSETCATALOG_COMPILER_APPICON_NAME = AppIcon;
				CODE_SIGN_STYLE = Automatic;
				DEVELOPMENT_TEAM = CT884K7983;
				INFOPLIST_FILE = BMSTUCaffe/Info.plist;
				LD_RUNPATH_SEARCH_PATHS = (
					"$(inherited)",
					"@executable_path/Frameworks",
				);
				PRODUCT_BUNDLE_IDENTIFIER = com.bestK1ngArthur.BMSTUCaffe;
				PRODUCT_NAME = "$(TARGET_NAME)";
				SWIFT_VERSION = 5.0;
				TARGETED_DEVICE_FAMILY = "1,2";
			};
			name = Debug;
		};
		6A33111B223E49B0007BB7E0 /* Release */ = {
			isa = XCBuildConfiguration;
			buildSettings = {
				ASSETCATALOG_COMPILER_APPICON_NAME = AppIcon;
				CODE_SIGN_STYLE = Automatic;
				DEVELOPMENT_TEAM = CT884K7983;
				INFOPLIST_FILE = BMSTUCaffe/Info.plist;
				LD_RUNPATH_SEARCH_PATHS = (
					"$(inherited)",
					"@executable_path/Frameworks",
				);
				PRODUCT_BUNDLE_IDENTIFIER = com.bestK1ngArthur.BMSTUCaffe;
				PRODUCT_NAME = "$(TARGET_NAME)";
				SWIFT_VERSION = 5.0;
				TARGETED_DEVICE_FAMILY = "1,2";
			};
			name = Release;
		};
/* End XCBuildConfiguration section */

/* Begin XCConfigurationList section */
		6A331100223E49AF007BB7E0 /* Build configuration list for PBXProject "BMSTUCaffe" */ = {
			isa = XCConfigurationList;
			buildConfigurations = (
				6A331117223E49B0007BB7E0 /* Debug */,
				6A331118223E49B0007BB7E0 /* Release */,
			);
			defaultConfigurationIsVisible = 0;
			defaultConfigurationName = Release;
		};
		6A331119223E49B0007BB7E0 /* Build configuration list for PBXNativeTarget "BMSTUCaffe" */ = {
			isa = XCConfigurationList;
			buildConfigurations = (
				6A33111A223E49B0007BB7E0 /* Debug */,
				6A33111B223E49B0007BB7E0 /* Release */,
			);
			defaultConfigurationIsVisible = 0;
			defaultConfigurationName = Release;
		};
/* End XCConfigurationList section */
	};
	rootObject = 6A3310FD223E49AF007BB7E0 /* Project object */;
}
